Microsoft Visual Studio Solution File, Format Version 12.00
# Visual Studio Version 17
VisualStudioVersion = 17.6.33829.357
MinimumVisualStudioVersion = 10.0.40219.1
Project("{9A19103F-16F7-4668-BE54-9A1E7A4F7556}") = "Api", "src\Api\Api.csproj", "{B9472060-459F-4DEA-92B9-2F1547FBF9D8}"
EndProject
Project("{9A19103F-16F7-4668-BE54-9A1E7A4F7556}") = "Domain", "src\Domain\Domain.csproj", "{3DC144E2-55DD-49A7-B103-30C1FE995637}"
EndProject
Project("{9A19103F-16F7-4668-BE54-9A1E7A4F7556}") = "Data", "src\Data\Data.csproj", "{5AB2D174-12D9-4879-9CCF-0B290C717373}"
EndProject
Project("{2150E333-8FDC-42A3-9474-1A3956D46DE8}") = "4 - Tests", "4 - Tests", "{752403DB-82F5-496B-B2D9-BBF2C284BCD4}"
EndProject
Project("{9A19103F-16F7-4668-BE54-9A1E7A4F7556}") = "Api.Tests", "test\Api.Tests\Api.Tests.csproj", "{E98BB514-0675-47AD-9803-1CAA1B2D1405}"
EndProject
Project("{2150E333-8FDC-42A3-9474-1A3956D46DE8}") = "0 - Middleware", "0 - Middleware", "{B70A18CA-F980-427E-911D-6082C56B5B0C}"
EndProject
Project("{2150E333-8FDC-42A3-9474-1A3956D46DE8}") = "1 - Application", "1 - Application", "{481BCB4F-0348-4F70-AAD2-9A43AD96B9F2}"
EndProject
Project("{2150E333-8FDC-42A3-9474-1A3956D46DE8}") = "2 - Domain", "2 - Domain", "{C4A149D3-A39A-40EF-8466-0FEB584C8AEA}"
EndProject
Project("{2150E333-8FDC-42A3-9474-1A3956D46DE8}") = "3 - Infrastructure", "3 - Infrastructure", "{E5618EAB-7D46-4CD7-8CDC-1D285B3D9904}"
EndProject
Project("{9A19103F-16F7-4668-BE54-9A1E7A4F7556}") = "CrossCutting", "src\CrossCutting\CrossCutting.csproj", "{81416527-6066-41F7-9780-C4632DBF07F5}"
EndProject
Project("{9A19103F-16F7-4668-BE54-9A1E7A4F7556}") = "Application", "src\Application\Application.csproj", "{782A33C8-61C0-426C-A281-346CE5ED49A0}"
EndProject
Global
	GlobalSection(SolutionConfigurationPlatforms) = preSolution
		Debug|Any CPU = Debug|Any CPU
		Debug|x64 = Debug|x64
		Debug|x86 = Debug|x86
		Release|Any CPU = Release|Any CPU
		Release|x64 = Release|x64
		Release|x86 = Release|x86
	EndGlobalSection
	GlobalSection(ProjectConfigurationPlatforms) = postSolution
		{B9472060-459F-4DEA-92B9-2F1547FBF9D8}.Debug|Any CPU.ActiveCfg = Debug|Any CPU
		{B9472060-459F-4DEA-92B9-2F1547FBF9D8}.Debug|Any CPU.Build.0 = Debug|Any CPU
		{B9472060-459F-4DEA-92B9-2F1547FBF9D8}.Debug|x64.ActiveCfg = Debug|Any CPU
		{B9472060-459F-4DEA-92B9-2F1547FBF9D8}.Debug|x64.Build.0 = Debug|Any CPU
		{B9472060-459F-4DEA-92B9-2F1547FBF9D8}.Debug|x86.ActiveCfg = Debug|Any CPU
		{B9472060-459F-4DEA-92B9-2F1547FBF9D8}.Debug|x86.Build.0 = Debug|Any CPU
		{B9472060-459F-4DEA-92B9-2F1547FBF9D8}.Release|Any CPU.ActiveCfg = Release|Any CPU
		{B9472060-459F-4DEA-92B9-2F1547FBF9D8}.Release|Any CPU.Build.0 = Release|Any CPU
		{B9472060-459F-4DEA-92B9-2F1547FBF9D8}.Release|x64.ActiveCfg = Release|Any CPU
		{B9472060-459F-4DEA-92B9-2F1547FBF9D8}.Release|x64.Build.0 = Release|Any CPU
		{B9472060-459F-4DEA-92B9-2F1547FBF9D8}.Release|x86.ActiveCfg = Release|Any CPU
		{B9472060-459F-4DEA-92B9-2F1547FBF9D8}.Release|x86.Build.0 = Release|Any CPU
		{3DC144E2-55DD-49A7-B103-30C1FE995637}.Debug|Any CPU.ActiveCfg = Debug|Any CPU
		{3DC144E2-55DD-49A7-B103-30C1FE995637}.Debug|Any CPU.Build.0 = Debug|Any CPU
		{3DC144E2-55DD-49A7-B103-30C1FE995637}.Debug|x64.ActiveCfg = Debug|Any CPU
		{3DC144E2-55DD-49A7-B103-30C1FE995637}.Debug|x64.Build.0 = Debug|Any CPU
		{3DC144E2-55DD-49A7-B103-30C1FE995637}.Debug|x86.ActiveCfg = Debug|Any CPU
		{3DC144E2-55DD-49A7-B103-30C1FE995637}.Debug|x86.Build.0 = Debug|Any CPU
		{3DC144E2-55DD-49A7-B103-30C1FE995637}.Release|Any CPU.ActiveCfg = Release|Any CPU
		{3DC144E2-55DD-49A7-B103-30C1FE995637}.Release|Any CPU.Build.0 = Release|Any CPU
		{3DC144E2-55DD-49A7-B103-30C1FE995637}.Release|x64.ActiveCfg = Release|Any CPU
		{3DC144E2-55DD-49A7-B103-30C1FE995637}.Release|x64.Build.0 = Release|Any CPU
		{3DC144E2-55DD-49A7-B103-30C1FE995637}.Release|x86.ActiveCfg = Release|Any CPU
		{3DC144E2-55DD-49A7-B103-30C1FE995637}.Release|x86.Build.0 = Release|Any CPU
		{5AB2D174-12D9-4879-9CCF-0B290C717373}.Debug|Any CPU.ActiveCfg = Debug|Any CPU
		{5AB2D174-12D9-4879-9CCF-0B290C717373}.Debug|Any CPU.Build.0 = Debug|Any CPU
		{5AB2D174-12D9-4879-9CCF-0B290C717373}.Debug|x64.ActiveCfg = Debug|Any CPU
		{5AB2D174-12D9-4879-9CCF-0B290C717373}.Debug|x64.Build.0 = Debug|Any CPU
		{5AB2D174-12D9-4879-9CCF-0B290C717373}.Debug|x86.ActiveCfg = Debug|Any CPU
		{5AB2D174-12D9-4879-9CCF-0B290C717373}.Debug|x86.Build.0 = Debug|Any CPU
		{5AB2D174-12D9-4879-9CCF-0B290C717373}.Release|Any CPU.ActiveCfg = Release|Any CPU
		{5AB2D174-12D9-4879-9CCF-0B290C717373}.Release|Any CPU.Build.0 = Release|Any CPU
		{5AB2D174-12D9-4879-9CCF-0B290C717373}.Release|x64.ActiveCfg = Release|Any CPU
		{5AB2D174-12D9-4879-9CCF-0B290C717373}.Release|x64.Build.0 = Release|Any CPU
		{5AB2D174-12D9-4879-9CCF-0B290C717373}.Release|x86.ActiveCfg = Release|Any CPU
		{5AB2D174-12D9-4879-9CCF-0B290C717373}.Release|x86.Build.0 = Release|Any CPU
		{E98BB514-0675-47AD-9803-1CAA1B2D1405}.Debug|Any CPU.ActiveCfg = Debug|Any CPU
		{E98BB514-0675-47AD-9803-1CAA1B2D1405}.Debug|Any CPU.Build.0 = Debug|Any CPU
		{E98BB514-0675-47AD-9803-1CAA1B2D1405}.Debug|x64.ActiveCfg = Debug|Any CPU
		{E98BB514-0675-47AD-9803-1CAA1B2D1405}.Debug|x64.Build.0 = Debug|Any CPU
		{E98BB514-0675-47AD-9803-1CAA1B2D1405}.Debug|x86.ActiveCfg = Debug|Any CPU
		{E98BB514-0675-47AD-9803-1CAA1B2D1405}.Debug|x86.Build.0 = Debug|Any CPU
		{E98BB514-0675-47AD-9803-1CAA1B2D1405}.Release|Any CPU.ActiveCfg = Release|Any CPU
		{E98BB514-0675-47AD-9803-1CAA1B2D1405}.Release|Any CPU.Build.0 = Release|Any CPU
		{E98BB514-0675-47AD-9803-1CAA1B2D1405}.Release|x64.ActiveCfg = Release|Any CPU
		{E98BB514-0675-47AD-9803-1CAA1B2D1405}.Release|x64.Build.0 = Release|Any CPU
		{E98BB514-0675-47AD-9803-1CAA1B2D1405}.Release|x86.ActiveCfg = Release|Any CPU
		{E98BB514-0675-47AD-9803-1CAA1B2D1405}.Release|x86.Build.0 = Release|Any CPU
		{81416527-6066-41F7-9780-C4632DBF07F5}.Debug|Any CPU.ActiveCfg = Debug|Any CPU
		{81416527-6066-41F7-9780-C4632DBF07F5}.Debug|Any CPU.Build.0 = Debug|Any CPU
		{81416527-6066-41F7-9780-C4632DBF07F5}.Debug|x64.ActiveCfg = Debug|Any CPU
		{81416527-6066-41F7-9780-C4632DBF07F5}.Debug|x64.Build.0 = Debug|Any CPU
		{81416527-6066-41F7-9780-C4632DBF07F5}.Debug|x86.ActiveCfg = Debug|Any CPU
		{81416527-6066-41F7-9780-C4632DBF07F5}.Debug|x86.Build.0 = Debug|Any CPU
		{81416527-6066-41F7-9780-C4632DBF07F5}.Release|Any CPU.ActiveCfg = Release|Any CPU
		{81416527-6066-41F7-9780-C4632DBF07F5}.Release|Any CPU.Build.0 = Release|Any CPU
		{81416527-6066-41F7-9780-C4632DBF07F5}.Release|x64.ActiveCfg = Release|Any CPU
		{81416527-6066-41F7-9780-C4632DBF07F5}.Release|x64.Build.0 = Release|Any CPU
		{81416527-6066-41F7-9780-C4632DBF07F5}.Release|x86.ActiveCfg = Release|Any CPU
		{81416527-6066-41F7-9780-C4632DBF07F5}.Release|x86.Build.0 = Release|Any CPU
		{782A33C8-61C0-426C-A281-346CE5ED49A0}.Debug|Any CPU.ActiveCfg = Debug|Any CPU
		{782A33C8-61C0-426C-A281-346CE5ED49A0}.Debug|Any CPU.Build.0 = Debug|Any CPU
		{782A33C8-61C0-426C-A281-346CE5ED49A0}.Debug|x64.ActiveCfg = Debug|Any CPU
		{782A33C8-61C0-426C-A281-346CE5ED49A0}.Debug|x64.Build.0 = Debug|Any CPU
		{782A33C8-61C0-426C-A281-346CE5ED49A0}.Debug|x86.ActiveCfg = Debug|Any CPU
		{782A33C8-61C0-426C-A281-346CE5ED49A0}.Debug|x86.Build.0 = Debug|Any CPU
		{782A33C8-61C0-426C-A281-346CE5ED49A0}.Release|Any CPU.ActiveCfg = Release|Any CPU
		{782A33C8-61C0-426C-A281-346CE5ED49A0}.Release|Any CPU.Build.0 = Release|Any CPU
		{782A33C8-61C0-426C-A281-346CE5ED49A0}.Release|x64.ActiveCfg = Release|Any CPU
		{782A33C8-61C0-426C-A281-346CE5ED49A0}.Release|x64.Build.0 = Release|Any CPU
		{782A33C8-61C0-426C-A281-346CE5ED49A0}.Release|x86.ActiveCfg = Release|Any CPU
		{782A33C8-61C0-426C-A281-346CE5ED49A0}.Release|x86.Build.0 = Release|Any CPU
	EndGlobalSection
	GlobalSection(SolutionProperties) = preSolution
		HideSolutionNode = FALSE
	EndGlobalSection
	GlobalSection(NestedProjects) = preSolution
		{B9472060-459F-4DEA-92B9-2F1547FBF9D8} = {B70A18CA-F980-427E-911D-6082C56B5B0C}
		{3DC144E2-55DD-49A7-B103-30C1FE995637} = {C4A149D3-A39A-40EF-8466-0FEB584C8AEA}
		{5AB2D174-12D9-4879-9CCF-0B290C717373} = {E5618EAB-7D46-4CD7-8CDC-1D285B3D9904}
		{E98BB514-0675-47AD-9803-1CAA1B2D1405} = {752403DB-82F5-496B-B2D9-BBF2C284BCD4}
		{81416527-6066-41F7-9780-C4632DBF07F5} = {E5618EAB-7D46-4CD7-8CDC-1D285B3D9904}
		{782A33C8-61C0-426C-A281-346CE5ED49A0} = {481BCB4F-0348-4F70-AAD2-9A43AD96B9F2}
	EndGlobalSection
	GlobalSection(ExtensibilityGlobals) = postSolution
		SolutionGuid = {76FF7B16-9DE0-42F7-83D6-6264CCEA4E26}
	EndGlobalSection
EndGlobal
